
Microsoft Visual Studio Solution File, Format Version 12.00
# Visual Studio Version 16
VisualStudioVersion = 16.0.28922.388
MinimumVisualStudioVersion = 10.0.40219.1
Project("{FAE04EC0-301F-11D3-BF4B-00C04F79EFBC}") = "DBWEBQUIZ", "DBWEBQUIZ\DBWEBQUIZ.csproj", "{27E0A3E1-D114-4EC8-92C4-C7EFC9361464}"
EndProject
Global
	GlobalSection(SolutionConfigurationPlatforms) = preSolution
		Debug|Any CPU = Debug|Any CPU
		Release|Any CPU = Release|Any CPU
	EndGlobalSection
	GlobalSection(ProjectConfigurationPlatforms) = postSolution
		{27E0A3E1-D114-4EC8-92C4-C7EFC9361464}.Debug|Any CPU.ActiveCfg = Debug|Any CPU
		{27E0A3E1-D114-4EC8-92C4-C7EFC9361464}.Debug|Any CPU.Build.0 = Debug|Any CPU
		{27E0A3E1-D114-4EC8-92C4-C7EFC9361464}.Release|Any CPU.ActiveCfg = Release|Any CPU
		{27E0A3E1-D114-4EC8-92C4-C7EFC9361464}.Release|Any CPU.Build.0 = Release|Any CPU
	EndGlobalSection
	GlobalSection(SolutionProperties) = preSolution
		HideSolutionNode = FALSE
	EndGlobalSection
	GlobalSection(ExtensibilityGlobals) = postSolution
		SolutionGuid = {C4A8996E-FB1C-4829-A9B4-71C609B9E1B5}
	EndGlobalSection
EndGlobal
